
Microsoft Visual Studio Solution File, Format Version 12.00
# Visual Studio Version 17
VisualStudioVersion = 17.1.32414.318
MinimumVisualStudioVersion = 10.0.40219.1
Project("{9A19103F-16F7-4668-BE54-9A1E7A4F7556}") = "CodeCaster.WindowsServiceExtensions", "src\CodeCaster.WindowsServiceExtensions\CodeCaster.WindowsServiceExtensions.csproj", "{CC230E5D-8600-4048-8F10-E84A80F77DDC}"
EndProject
Project("{2150E333-8FDC-42A3-9474-1A3956D46DE8}") = "Solution Items", "Solution Items", "{4B4ADAD2-7E93-44E5-8376-3B11173671EE}"
	ProjectSection(SolutionItems) = preProject
		.gitignore = .gitignore
		docs\Docs.shproj = docs\Docs.shproj
		LICENSE = LICENSE
		Readme.md = Readme.md
	EndProjectSection
EndProject
Project("{2150E333-8FDC-42A3-9474-1A3956D46DE8}") = "GitHub Workflows", "GitHub Workflows", "{37061E24-6F75-46D3-A86D-2B35A945A7A7}"
	ProjectSection(SolutionItems) = preProject
		.github\workflows\Publish-Package.yml = .github\workflows\Publish-Package.yml
	EndProjectSection
EndProject
Project("{9A19103F-16F7-4668-BE54-9A1E7A4F7556}") = "TestServiceThatThrows", "test\TestServiceThatThrows\TestServiceThatThrows.csproj", "{A426812E-CB26-47F2-B914-17D87312C51F}"
EndProject
Project("{D954291E-2A0B-460D-934E-DC6B0785DB48}") = "Docs", "Docs.shproj", "{62D35936-704A-4F38-9882-E3209079EA47}"
EndProject
Global
	GlobalSection(SharedMSBuildProjectFiles) = preSolution
		Docs.projitems*{62d35936-704a-4f38-9882-e3209079ea47}*SharedItemsImports = 13
	EndGlobalSection
	GlobalSection(SolutionConfigurationPlatforms) = preSolution
		Debug|Any CPU = Debug|Any CPU
		Release|Any CPU = Release|Any CPU
	EndGlobalSection
	GlobalSection(ProjectConfigurationPlatforms) = postSolution
		{CC230E5D-8600-4048-8F10-E84A80F77DDC}.Debug|Any CPU.ActiveCfg = Debug|Any CPU
		{CC230E5D-8600-4048-8F10-E84A80F77DDC}.Debug|Any CPU.Build.0 = Debug|Any CPU
		{CC230E5D-8600-4048-8F10-E84A80F77DDC}.Release|Any CPU.ActiveCfg = Release|Any CPU
		{CC230E5D-8600-4048-8F10-E84A80F77DDC}.Release|Any CPU.Build.0 = Release|Any CPU
		{A426812E-CB26-47F2-B914-17D87312C51F}.Debug|Any CPU.ActiveCfg = Debug|Any CPU
		{A426812E-CB26-47F2-B914-17D87312C51F}.Debug|Any CPU.Build.0 = Debug|Any CPU
		{A426812E-CB26-47F2-B914-17D87312C51F}.Release|Any CPU.ActiveCfg = Release|Any CPU
		{A426812E-CB26-47F2-B914-17D87312C51F}.Release|Any CPU.Build.0 = Release|Any CPU
	EndGlobalSection
	GlobalSection(SolutionProperties) = preSolution
		HideSolutionNode = FALSE
	EndGlobalSection
	GlobalSection(NestedProjects) = preSolution
		{37061E24-6F75-46D3-A86D-2B35A945A7A7} = {4B4ADAD2-7E93-44E5-8376-3B11173671EE}
	EndGlobalSection
	GlobalSection(ExtensibilityGlobals) = postSolution
		SolutionGuid = {6CA3DCF0-B9FE-471F-8709-C0EC776BA216}
	EndGlobalSection
EndGlobal
